
Microsoft Visual Studio Solution File, Format Version 11.00
# Visual Studio 2010
Project("{F184B08F-C81C-45F6-A57F-5ABD9991F28F}") = "keyboard_trainer", "keyboard_trainer\keyboard_trainer.vbproj", "{BD434584-43AE-4CAE-9B54-81E7EDD6B34A}"
EndProject
Global
	GlobalSection(SolutionConfigurationPlatforms) = preSolution
		Debug|x86 = Debug|x86
		Release|x86 = Release|x86
	EndGlobalSection
	GlobalSection(ProjectConfigurationPlatforms) = postSolution
		{BD434584-43AE-4CAE-9B54-81E7EDD6B34A}.Debug|x86.ActiveCfg = Debug|x86
		{BD434584-43AE-4CAE-9B54-81E7EDD6B34A}.Debug|x86.Build.0 = Debug|x86
		{BD434584-43AE-4CAE-9B54-81E7EDD6B34A}.Release|x86.ActiveCfg = Release|x86
		{BD434584-43AE-4CAE-9B54-81E7EDD6B34A}.Release|x86.Build.0 = Release|x86
	EndGlobalSection
	GlobalSection(SolutionProperties) = preSolution
		HideSolutionNode = FALSE
	EndGlobalSection
EndGlobal
